
Microsoft Visual Studio Solution File, Format Version 12.00
# Visual Studio Version 16
VisualStudioVersion = 16.0.29519.87
MinimumVisualStudioVersion = 10.0.40219.1
Project("{FAE04EC0-301F-11D3-BF4B-00C04F79EFBC}") = "EstudoAPI", "EstudoAPI\EstudoAPI.csproj", "{F6E6B989-02A8-42D6-80DF-D858EF80BD11}"
EndProject
Global
	GlobalSection(SolutionConfigurationPlatforms) = preSolution
		Debug|Any CPU = Debug|Any CPU
		Release|Any CPU = Release|Any CPU
	EndGlobalSection
	GlobalSection(ProjectConfigurationPlatforms) = postSolution
		{F6E6B989-02A8-42D6-80DF-D858EF80BD11}.Debug|Any CPU.ActiveCfg = Debug|Any CPU
		{F6E6B989-02A8-42D6-80DF-D858EF80BD11}.Debug|Any CPU.Build.0 = Debug|Any CPU
		{F6E6B989-02A8-42D6-80DF-D858EF80BD11}.Release|Any CPU.ActiveCfg = Release|Any CPU
		{F6E6B989-02A8-42D6-80DF-D858EF80BD11}.Release|Any CPU.Build.0 = Release|Any CPU
	EndGlobalSection
	GlobalSection(SolutionProperties) = preSolution
		HideSolutionNode = FALSE
	EndGlobalSection
	GlobalSection(ExtensibilityGlobals) = postSolution
		SolutionGuid = {6F9614E9-85F8-406A-A624-3AAD1326C48C}
	EndGlobalSection
EndGlobal
